
Microsoft Visual Studio Solution File, Format Version 12.00
# Visual Studio Version 17
VisualStudioVersion = 17.5.002.0
MinimumVisualStudioVersion = 10.0.40219.1
Project("{9A19103F-16F7-4668-BE54-9A1E7A4F7556}") = "hong", "hong.csproj", "{2105286F-5FA9-4768-930B-5E8AAD070669}"
EndProject
Global
	GlobalSection(SolutionConfigurationPlatforms) = preSolution
		Debug|Any CPU = Debug|Any CPU
		Release|Any CPU = Release|Any CPU
	EndGlobalSection
	GlobalSection(ProjectConfigurationPlatforms) = postSolution
		{2105286F-5FA9-4768-930B-5E8AAD070669}.Debug|Any CPU.ActiveCfg = Debug|Any CPU
		{2105286F-5FA9-4768-930B-5E8AAD070669}.Debug|Any CPU.Build.0 = Debug|Any CPU
		{2105286F-5FA9-4768-930B-5E8AAD070669}.Release|Any CPU.ActiveCfg = Release|Any CPU
		{2105286F-5FA9-4768-930B-5E8AAD070669}.Release|Any CPU.Build.0 = Release|Any CPU
	EndGlobalSection
	GlobalSection(SolutionProperties) = preSolution
		HideSolutionNode = FALSE
	EndGlobalSection
	GlobalSection(ExtensibilityGlobals) = postSolution
		SolutionGuid = {25D9443D-C997-4ACB-89FD-FADA8CFF6D8A}
	EndGlobalSection
EndGlobal
